
Microsoft Visual Studio Solution File, Format Version 12.00
# Visual Studio Version 16
VisualStudioVersion = 16.0.29009.5
MinimumVisualStudioVersion = 10.0.40219.1
Project("{FAE04EC0-301F-11D3-BF4B-00C04F79EFBC}") = "Simple Calculator", "Simple Calculator\Simple Calculator.csproj", "{664E13F8-A396-4C8E-81AA-3FC06FA077F3}"
EndProject
Global
	GlobalSection(SolutionConfigurationPlatforms) = preSolution
		Debug|Any CPU = Debug|Any CPU
		Release|Any CPU = Release|Any CPU
	EndGlobalSection
	GlobalSection(ProjectConfigurationPlatforms) = postSolution
		{664E13F8-A396-4C8E-81AA-3FC06FA077F3}.Debug|Any CPU.ActiveCfg = Debug|Any CPU
		{664E13F8-A396-4C8E-81AA-3FC06FA077F3}.Debug|Any CPU.Build.0 = Debug|Any CPU
		{664E13F8-A396-4C8E-81AA-3FC06FA077F3}.Release|Any CPU.ActiveCfg = Release|Any CPU
		{664E13F8-A396-4C8E-81AA-3FC06FA077F3}.Release|Any CPU.Build.0 = Release|Any CPU
	EndGlobalSection
	GlobalSection(SolutionProperties) = preSolution
		HideSolutionNode = FALSE
	EndGlobalSection
	GlobalSection(ExtensibilityGlobals) = postSolution
		SolutionGuid = {85AF9C58-4379-4435-9832-2902D2FEFC8A}
	EndGlobalSection
EndGlobal
